<?xml version="1.0" encoding="utf-8"?>
<Project ToolsVersion="4.0" xmlns="http://schemas.microsoft.com/developer/msbuild/2003">
  <ItemGroup>
    <Filter Include="Source Files">
      <UniqueIdentifier>{4FC737F1-C7A5-4376-A066-2A32D752A2FF}</UniqueIdentifier>
      <Extensions>cpp;c;cc;cxx;c++;cppm;ixx;def;odl;idl;hpj;bat;asm;asmx</Extensions>
    </Filter>
    <Filter Include="Header Files">
      <UniqueIdentifier>{93995380-89BD-4b04-88EB-625FBE52EBFB}</UniqueIdentifier>
      <Extensions>h;hh;hpp;hxx;h++;hm;inl;inc;ipp;xsd</Extensions>
    </Filter>
    <Filter Include="Resource Files">
      <UniqueIdentifier>{67DA6AB6-F800-4c08-8B7A-83BB121AAD01}</UniqueIdentifier>
      <Extensions>rc;ico;cur;bmp;dlg;rc2;rct;bin;rgs;gif;jpg;jpeg;jpe;resx;tiff;tif;png;wav;mfcribbon-ms</Extensions>
    </Filter>
    <Filter Include="Components">
      <UniqueIdentifier>{d58b2cd5-748f-4a39-baa6-b3774157b45a}</UniqueIdentifier>
    </Filter>
    <Filter Include="Observers">
      <UniqueIdentifier>{9d354729-7fa9-4e47-a313-414b9fe6ab8a}</UniqueIdentifier>
    </Filter>
    <Filter Include="Commands">
      <UniqueIdentifier>{87e4609d-dce8-45a8-94c9-351b3b96a26e}</UniqueIdentifier>
    </Filter>
  </ItemGroup>
  <ItemGroup>
    <ClCompile Include="Main.cpp">
      <Filter>Source Files</Filter>
    </ClCompile>
    <ClCompile Include="GameObjectCommand.cpp">
      <Filter>Commands</Filter>
    </ClCompile>
    <ClCompile Include="HealthComponent.cpp">
      <Filter>Components</Filter>
    </ClCompile>
    <ClCompile Include="ScoreComponent.cpp">
      <Filter>Components</Filter>
    </ClCompile>
    <ClCompile Include="GameObserver.cpp">
      <Filter>Observers</Filter>
    </ClCompile>
  </ItemGroup>
  <ItemGroup>
    <ClInclude Include="GameObjectCommand.h">
      <Filter>Commands</Filter>
    </ClInclude>
    <ClInclude Include="ScoreComponent.h">
      <Filter>Components</Filter>
    </ClInclude>
    <ClInclude Include="HealthComponent.h">
      <Filter>Components</Filter>
    </ClInclude>
    <ClInclude Include="GameObserver.h">
      <Filter>Observers</Filter>
    </ClInclude>
  </ItemGroup>
</Project>